
Microsoft Visual Studio Solution File, Format Version 12.00
# Visual Studio Version 18
VisualStudioVersion = 18.0.11222.15
MinimumVisualStudioVersion = 10.0.40219.1
Project("{FAE04EC0-301F-11D3-BF4B-00C04F79EFBC}") = "Orbit.Core", "Orbit.Core\Orbit.Core.csproj", "{553377AD-9CFA-DA8D-0111-3508FCEF36D9}"
EndProject
Project("{FAE04EC0-301F-11D3-BF4B-00C04F79EFBC}") = "Orbit.Domain", "Orbit.Domain\Orbit.Domain.csproj", "{4680EED0-6FA4-34BE-A65A-77EEA7632296}"
EndProject
Global
	GlobalSection(SolutionConfigurationPlatforms) = preSolution
		Debug|Any CPU = Debug|Any CPU
		Release|Any CPU = Release|Any CPU
	EndGlobalSection
	GlobalSection(ProjectConfigurationPlatforms) = postSolution
		{553377AD-9CFA-DA8D-0111-3508FCEF36D9}.Debug|Any CPU.ActiveCfg = Debug|Any CPU
		{553377AD-9CFA-DA8D-0111-3508FCEF36D9}.Debug|Any CPU.Build.0 = Debug|Any CPU
		{553377AD-9CFA-DA8D-0111-3508FCEF36D9}.Release|Any CPU.ActiveCfg = Release|Any CPU
		{553377AD-9CFA-DA8D-0111-3508FCEF36D9}.Release|Any CPU.Build.0 = Release|Any CPU
		{4680EED0-6FA4-34BE-A65A-77EEA7632296}.Debug|Any CPU.ActiveCfg = Debug|Any CPU
		{4680EED0-6FA4-34BE-A65A-77EEA7632296}.Debug|Any CPU.Build.0 = Debug|Any CPU
		{4680EED0-6FA4-34BE-A65A-77EEA7632296}.Release|Any CPU.ActiveCfg = Release|Any CPU
		{4680EED0-6FA4-34BE-A65A-77EEA7632296}.Release|Any CPU.Build.0 = Release|Any CPU
	EndGlobalSection
	GlobalSection(SolutionProperties) = preSolution
		HideSolutionNode = FALSE
	EndGlobalSection
	GlobalSection(ExtensibilityGlobals) = postSolution
		SolutionGuid = {7A42D904-C7AD-4356-A974-075B1CE994CC}
	EndGlobalSection
EndGlobal
